// !$*UTF8*$!
{
	archiveVersion = 1;
	classes = {
	};
	objectVersion = 56;
	objects = {

/* Begin PBXBuildFile section */
		221EBEC72DD94D0000A45C65 /* BallifyTests.swift in Sources */ = {isa = PBXBuildFile; fileRef = 221EBEC62DD94D0000A45C65 /* BallifyTests.swift */; };
		223DD0CF2DD26747007F1C81 /* SportType.swift in Sources */ = {isa = PBXBuildFile; fileRef = 223DD0CE2DD26747007F1C81 /* SportType.swift */; };
		224110D02DD0056700EE80E0 /* LeaguesTableViewController.swift in Sources */ = {isa = PBXBuildFile; fileRef = 224110CF2DD0056700EE80E0 /* LeaguesTableViewController.swift */; };
		228146DB2DD49930005AA88A /* TeamTableViewController.swift in Sources */ = {isa = PBXBuildFile; fileRef = 228146DA2DD49930005AA88A /* TeamTableViewController.swift */; };
		228146DD2DD49948005AA88A /* TeamTableViewCell.swift in Sources */ = {isa = PBXBuildFile; fileRef = 228146DC2DD49948005AA88A /* TeamTableViewCell.swift */; };
		228469522DD20E1B008E99F5 /* LeaguesResult.swift in Sources */ = {isa = PBXBuildFile; fileRef = 228469512DD20E1B008E99F5 /* LeaguesResult.swift */; };
		228469552DD20FF5008E99F5 /* NetworkService.swift in Sources */ = {isa = PBXBuildFile; fileRef = 228469542DD20FF5008E99F5 /* NetworkService.swift */; };
		228469592DD210DE008E99F5 /* Alamofire in Frameworks */ = {isa = PBXBuildFile; productRef = 228469582DD210DE008E99F5 /* Alamofire */; };
		2284695C2DD21104008E99F5 /* Kingfisher in Frameworks */ = {isa = PBXBuildFile; productRef = 2284695B2DD21104008E99F5 /* Kingfisher */; };
		228469622DD233A0008E99F5 /* LeaguesTablePresenter.swift in Sources */ = {isa = PBXBuildFile; fileRef = 228469612DD233A0008E99F5 /* LeaguesTablePresenter.swift */; };
		22972AEF2DD77D2000471CAC /* FavoriteTablePresenter.swift in Sources */ = {isa = PBXBuildFile; fileRef = 22972AEE2DD77D2000471CAC /* FavoriteTablePresenter.swift */; };
		22972AF22DD797EF00471CAC /* Reachability in Frameworks */ = {isa = PBXBuildFile; productRef = 22972AF12DD797EF00471CAC /* Reachability */; };
		3F0DD5572DCFCFB900743E9F /* FavoriteDetailsViewController.swift in Sources */ = {isa = PBXBuildFile; fileRef = 3F0DD5562DCFCFB900743E9F /* FavoriteDetailsViewController.swift */; };
		3F119C082DD20B90008546FF /* TeamCollectionViewCell.swift in Sources */ = {isa = PBXBuildFile; fileRef = 3F119C072DD20B90008546FF /* TeamCollectionViewCell.swift */; };
		3F2F07C92DCFC7E9006A328D /* FavoriteTableViewController.swift in Sources */ = {isa = PBXBuildFile; fileRef = 3F2F07C82DCFC7E9006A328D /* FavoriteTableViewController.swift */; };
		3F2F07CB2DCFC85E006A328D /* CustomTableViewCell.swift in Sources */ = {isa = PBXBuildFile; fileRef = 3F2F07CA2DCFC85E006A328D /* CustomTableViewCell.swift */; };
		3F69E5032DD355A1000652F9 /* LeagueDetailsPresenter.swift in Sources */ = {isa = PBXBuildFile; fileRef = 3F69E5022DD355A1000652F9 /* LeagueDetailsPresenter.swift */; };
		3F83D67D2DD147CA00AC0584 /* MatchesCollectionViewController.swift in Sources */ = {isa = PBXBuildFile; fileRef = 3F83D67C2DD147CA00AC0584 /* MatchesCollectionViewController.swift */; };
		3FB076C22DD15AA40067B877 /* MatcheCollectionViewCell.swift in Sources */ = {isa = PBXBuildFile; fileRef = 3FB076C12DD15AA40067B877 /* MatcheCollectionViewCell.swift */; };
		3FCF04B52DD613510079B486 /* LocalService.swift in Sources */ = {isa = PBXBuildFile; fileRef = 3FCF04B42DD613510079B486 /* LocalService.swift */; };
		3FD5E11B2DCFA436006C5235 /* AppDelegate.swift in Sources */ = {isa = PBXBuildFile; fileRef = 3FD5E11A2DCFA436006C5235 /* AppDelegate.swift */; };
		3FD5E11D2DCFA436006C5235 /* SceneDelegate.swift in Sources */ = {isa = PBXBuildFile; fileRef = 3FD5E11C2DCFA436006C5235 /* SceneDelegate.swift */; };
		3FD5E11F2DCFA436006C5235 /* ViewController.swift in Sources */ = {isa = PBXBuildFile; fileRef = 3FD5E11E2DCFA436006C5235 /* ViewController.swift */; };
		3FD5E1222DCFA436006C5235 /* Main.storyboard in Resources */ = {isa = PBXBuildFile; fileRef = 3FD5E1202DCFA436006C5235 /* Main.storyboard */; };
		3FD5E1252DCFA436006C5235 /* Ballify.xcdatamodeld in Sources */ = {isa = PBXBuildFile; fileRef = 3FD5E1232DCFA436006C5235 /* Ballify.xcdatamodeld */; };
		3FD5E1272DCFA437006C5235 /* Assets.xcassets in Resources */ = {isa = PBXBuildFile; fileRef = 3FD5E1262DCFA437006C5235 /* Assets.xcassets */; };
		3FD5E12A2DCFA437006C5235 /* LaunchScreen.storyboard in Resources */ = {isa = PBXBuildFile; fileRef = 3FD5E1282DCFA437006C5235 /* LaunchScreen.storyboard */; };
		3FF19BE32DD24C9B009998B0 /* Fixture.swift in Sources */ = {isa = PBXBuildFile; fileRef = 3FF19BE22DD24C9B009998B0 /* Fixture.swift */; };
		3FF19BE52DD24DFF009998B0 /* TeamResponse.swift in Sources */ = {isa = PBXBuildFile; fileRef = 3FF19BE42DD24DFF009998B0 /* TeamResponse.swift */; };
		3FF19BE92DD25B7B009998B0 /* SectionHeader.swift in Sources */ = {isa = PBXBuildFile; fileRef = 3FF19BE82DD25B7B009998B0 /* SectionHeader.swift */; };
/* End PBXBuildFile section */

/* Begin PBXContainerItemProxy section */
		221EBEC82DD94D0000A45C65 /* PBXContainerItemProxy */ = {
			isa = PBXContainerItemProxy;
			containerPortal = 3FD5E10F2DCFA436006C5235 /* Project object */;
			proxyType = 1;
			remoteGlobalIDString = 3FD5E1162DCFA436006C5235;
			remoteInfo = Ballify;
		};
/* End PBXContainerItemProxy section */

/* Begin PBXFileReference section */
		221EBEC42DD94D0000A45C65 /* BallifyTests.xctest */ = {isa = PBXFileReference; explicitFileType = wrapper.cfbundle; includeInIndex = 0; path = BallifyTests.xctest; sourceTree = BUILT_PRODUCTS_DIR; };
		221EBEC62DD94D0000A45C65 /* BallifyTests.swift */ = {isa = PBXFileReference; lastKnownFileType = sourcecode.swift; path = BallifyTests.swift; sourceTree = "<group>"; };
		223DD0CE2DD26747007F1C81 /* SportType.swift */ = {isa = PBXFileReference; lastKnownFileType = sourcecode.swift; path = SportType.swift; sourceTree = "<group>"; };
		224110CF2DD0056700EE80E0 /* LeaguesTableViewController.swift */ = {isa = PBXFileReference; lastKnownFileType = sourcecode.swift; path = LeaguesTableViewController.swift; sourceTree = "<group>"; };
		228146DA2DD49930005AA88A /* TeamTableViewController.swift */ = {isa = PBXFileReference; lastKnownFileType = sourcecode.swift; path = TeamTableViewController.swift; sourceTree = "<group>"; };
		228146DC2DD49948005AA88A /* TeamTableViewCell.swift */ = {isa = PBXFileReference; lastKnownFileType = sourcecode.swift; path = TeamTableViewCell.swift; sourceTree = "<group>"; };
		228469512DD20E1B008E99F5 /* LeaguesResult.swift */ = {isa = PBXFileReference; lastKnownFileType = sourcecode.swift; path = LeaguesResult.swift; sourceTree = "<group>"; };
		228469542DD20FF5008E99F5 /* NetworkService.swift */ = {isa = PBXFileReference; lastKnownFileType = sourcecode.swift; path = NetworkService.swift; sourceTree = "<group>"; };
		228469612DD233A0008E99F5 /* LeaguesTablePresenter.swift */ = {isa = PBXFileReference; lastKnownFileType = sourcecode.swift; path = LeaguesTablePresenter.swift; sourceTree = "<group>"; };
		22972AEE2DD77D2000471CAC /* FavoriteTablePresenter.swift */ = {isa = PBXFileReference; lastKnownFileType = sourcecode.swift; path = FavoriteTablePresenter.swift; sourceTree = "<group>"; };
		3F0DD5562DCFCFB900743E9F /* FavoriteDetailsViewController.swift */ = {isa = PBXFileReference; lastKnownFileType = sourcecode.swift; path = FavoriteDetailsViewController.swift; sourceTree = "<group>"; };
		3F119C072DD20B90008546FF /* TeamCollectionViewCell.swift */ = {isa = PBXFileReference; lastKnownFileType = sourcecode.swift; path = TeamCollectionViewCell.swift; sourceTree = "<group>"; };
		3F2F07C82DCFC7E9006A328D /* FavoriteTableViewController.swift */ = {isa = PBXFileReference; lastKnownFileType = sourcecode.swift; path = FavoriteTableViewController.swift; sourceTree = "<group>"; };
		3F2F07CA2DCFC85E006A328D /* CustomTableViewCell.swift */ = {isa = PBXFileReference; lastKnownFileType = sourcecode.swift; path = CustomTableViewCell.swift; sourceTree = "<group>"; };
		3F69E5022DD355A1000652F9 /* LeagueDetailsPresenter.swift */ = {isa = PBXFileReference; lastKnownFileType = sourcecode.swift; path = LeagueDetailsPresenter.swift; sourceTree = "<group>"; };
		3F83D67C2DD147CA00AC0584 /* MatchesCollectionViewController.swift */ = {isa = PBXFileReference; lastKnownFileType = sourcecode.swift; path = MatchesCollectionViewController.swift; sourceTree = "<group>"; };
		3FB076C12DD15AA40067B877 /* MatcheCollectionViewCell.swift */ = {isa = PBXFileReference; lastKnownFileType = sourcecode.swift; path = MatcheCollectionViewCell.swift; sourceTree = "<group>"; };
		3FCF04B42DD613510079B486 /* LocalService.swift */ = {isa = PBXFileReference; lastKnownFileType = sourcecode.swift; path = LocalService.swift; sourceTree = "<group>"; };
		3FD5E1172DCFA436006C5235 /* Ballify.app */ = {isa = PBXFileReference; explicitFileType = wrapper.application; includeInIndex = 0; path = Ballify.app; sourceTree = BUILT_PRODUCTS_DIR; };
		3FD5E11A2DCFA436006C5235 /* AppDelegate.swift */ = {isa = PBXFileReference; lastKnownFileType = sourcecode.swift; path = AppDelegate.swift; sourceTree = "<group>"; };
		3FD5E11C2DCFA436006C5235 /* SceneDelegate.swift */ = {isa = PBXFileReference; lastKnownFileType = sourcecode.swift; path = SceneDelegate.swift; sourceTree = "<group>"; };
		3FD5E11E2DCFA436006C5235 /* ViewController.swift */ = {isa = PBXFileReference; lastKnownFileType = sourcecode.swift; path = ViewController.swift; sourceTree = "<group>"; };
		3FD5E1212DCFA436006C5235 /* Base */ = {isa = PBXFileReference; lastKnownFileType = file.storyboard; name = Base; path = Base.lproj/Main.storyboard; sourceTree = "<group>"; };
		3FD5E1242DCFA436006C5235 /* Ballify.xcdatamodel */ = {isa = PBXFileReference; lastKnownFileType = wrapper.xcdatamodel; path = Ballify.xcdatamodel; sourceTree = "<group>"; };
		3FD5E1262DCFA437006C5235 /* Assets.xcassets */ = {isa = PBXFileReference; lastKnownFileType = folder.assetcatalog; path = Assets.xcassets; sourceTree = "<group>"; };
		3FD5E1292DCFA437006C5235 /* Base */ = {isa = PBXFileReference; lastKnownFileType = file.storyboard; name = Base; path = Base.lproj/LaunchScreen.storyboard; sourceTree = "<group>"; };
		3FD5E12B2DCFA437006C5235 /* Info.plist */ = {isa = PBXFileReference; lastKnownFileType = text.plist.xml; path = Info.plist; sourceTree = "<group>"; };
		3FF19BE22DD24C9B009998B0 /* Fixture.swift */ = {isa = PBXFileReference; lastKnownFileType = sourcecode.swift; path = Fixture.swift; sourceTree = "<group>"; };
		3FF19BE42DD24DFF009998B0 /* TeamResponse.swift */ = {isa = PBXFileReference; lastKnownFileType = sourcecode.swift; path = TeamResponse.swift; sourceTree = "<group>"; };
		3FF19BE82DD25B7B009998B0 /* SectionHeader.swift */ = {isa = PBXFileReference; lastKnownFileType = sourcecode.swift; path = SectionHeader.swift; sourceTree = "<group>"; };
/* End PBXFileReference section */

/* Begin PBXFrameworksBuildPhase section */
		221EBEC12DD94D0000A45C65 /* Frameworks */ = {
			isa = PBXFrameworksBuildPhase;
			buildActionMask = 2147483647;
			files = (
			);
			runOnlyForDeploymentPostprocessing = 0;
		};
		3FD5E1142DCFA436006C5235 /* Frameworks */ = {
			isa = PBXFrameworksBuildPhase;
			buildActionMask = 2147483647;
			files = (
				2284695C2DD21104008E99F5 /* Kingfisher in Frameworks */,
				22972AF22DD797EF00471CAC /* Reachability in Frameworks */,
				228469592DD210DE008E99F5 /* Alamofire in Frameworks */,
			);
			runOnlyForDeploymentPostprocessing = 0;
		};
/* End PBXFrameworksBuildPhase section */

/* Begin PBXGroup section */
		221EBEC52DD94D0000A45C65 /* BallifyTests */ = {
			isa = PBXGroup;
			children = (
				221EBEC62DD94D0000A45C65 /* BallifyTests.swift */,
			);
			path = BallifyTests;
			sourceTree = "<group>";
		};
		228469502DD20DF0008E99F5 /* Model */ = {
			isa = PBXGroup;
			children = (
				3FF19BE22DD24C9B009998B0 /* Fixture.swift */,
				3FF19BE42DD24DFF009998B0 /* TeamResponse.swift */,
				223DD0CE2DD26747007F1C81 /* SportType.swift */,
				228469532DD20FD5008E99F5 /* Service */,
				228469512DD20E1B008E99F5 /* LeaguesResult.swift */,
			);
			path = Model;
			sourceTree = "<group>";
		};
		228469532DD20FD5008E99F5 /* Service */ = {
			isa = PBXGroup;
			children = (
				228469542DD20FF5008E99F5 /* NetworkService.swift */,
				3FCF04B42DD613510079B486 /* LocalService.swift */,
			);
			path = Service;
			sourceTree = "<group>";
		};
		2284695D2DD23346008E99F5 /* View */ = {
			isa = PBXGroup;
			children = (
				3FD5E1202DCFA436006C5235 /* Main.storyboard */,
				3FD5E1282DCFA437006C5235 /* LaunchScreen.storyboard */,
				3F2F07C82DCFC7E9006A328D /* FavoriteTableViewController.swift */,
				3F2F07CA2DCFC85E006A328D /* CustomTableViewCell.swift */,
				3F0DD5562DCFCFB900743E9F /* FavoriteDetailsViewController.swift */,
				224110CF2DD0056700EE80E0 /* LeaguesTableViewController.swift */,
				3F83D67C2DD147CA00AC0584 /* MatchesCollectionViewController.swift */,
				3FB076C12DD15AA40067B877 /* MatcheCollectionViewCell.swift */,
				3F119C072DD20B90008546FF /* TeamCollectionViewCell.swift */,
				3FF19BE82DD25B7B009998B0 /* SectionHeader.swift */,
				3FD5E11E2DCFA436006C5235 /* ViewController.swift */,
				228146DA2DD49930005AA88A /* TeamTableViewController.swift */,
				228146DC2DD49948005AA88A /* TeamTableViewCell.swift */,
			);
			path = View;
			sourceTree = "<group>";
		};
		2284695E2DD2334E008E99F5 /* Presenter */ = {
			isa = PBXGroup;
			children = (
				228469612DD233A0008E99F5 /* LeaguesTablePresenter.swift */,
				3F69E5022DD355A1000652F9 /* LeagueDetailsPresenter.swift */,
				22972AEE2DD77D2000471CAC /* FavoriteTablePresenter.swift */,
			);
			path = Presenter;
			sourceTree = "<group>";
		};
		2284695F2DD2335A008E99F5 /* App */ = {
			isa = PBXGroup;
			children = (
				3FD5E11A2DCFA436006C5235 /* AppDelegate.swift */,
				3FD5E11C2DCFA436006C5235 /* SceneDelegate.swift */,
			);
			path = App;
			sourceTree = "<group>";
		};
		228469602DD23360008E99F5 /* SupportFiles */ = {
			isa = PBXGroup;
			children = (
				3FD5E1262DCFA437006C5235 /* Assets.xcassets */,
			);
			path = SupportFiles;
			sourceTree = "<group>";
		};
		3FD5E10E2DCFA436006C5235 = {
			isa = PBXGroup;
			children = (
				3FD5E1192DCFA436006C5235 /* Ballify */,
				221EBEC52DD94D0000A45C65 /* BallifyTests */,
				3FD5E1182DCFA436006C5235 /* Products */,
			);
			sourceTree = "<group>";
		};
		3FD5E1182DCFA436006C5235 /* Products */ = {
			isa = PBXGroup;
			children = (
				3FD5E1172DCFA436006C5235 /* Ballify.app */,
				221EBEC42DD94D0000A45C65 /* BallifyTests.xctest */,
			);
			name = Products;
			sourceTree = "<group>";
		};
		3FD5E1192DCFA436006C5235 /* Ballify */ = {
			isa = PBXGroup;
			children = (
				228469602DD23360008E99F5 /* SupportFiles */,
				2284695F2DD2335A008E99F5 /* App */,
				2284695E2DD2334E008E99F5 /* Presenter */,
				2284695D2DD23346008E99F5 /* View */,
				228469502DD20DF0008E99F5 /* Model */,
				3FD5E12B2DCFA437006C5235 /* Info.plist */,
				3FD5E1232DCFA436006C5235 /* Ballify.xcdatamodeld */,
			);
			path = Ballify;
			sourceTree = "<group>";
		};
/* End PBXGroup section */

/* Begin PBXNativeTarget section */
		221EBEC32DD94D0000A45C65 /* BallifyTests */ = {
			isa = PBXNativeTarget;
			buildConfigurationList = 221EBECC2DD94D0000A45C65 /* Build configuration list for PBXNativeTarget "BallifyTests" */;
			buildPhases = (
				221EBEC02DD94D0000A45C65 /* Sources */,
				221EBEC12DD94D0000A45C65 /* Frameworks */,
				221EBEC22DD94D0000A45C65 /* Resources */,
			);
			buildRules = (
			);
			dependencies = (
				221EBEC92DD94D0000A45C65 /* PBXTargetDependency */,
			);
			name = BallifyTests;
			productName = BallifyTests;
			productReference = 221EBEC42DD94D0000A45C65 /* BallifyTests.xctest */;
			productType = "com.apple.product-type.bundle.unit-test";
		};
		3FD5E1162DCFA436006C5235 /* Ballify */ = {
			isa = PBXNativeTarget;
			buildConfigurationList = 3FD5E12E2DCFA437006C5235 /* Build configuration list for PBXNativeTarget "Ballify" */;
			buildPhases = (
				3FD5E1132DCFA436006C5235 /* Sources */,
				3FD5E1142DCFA436006C5235 /* Frameworks */,
				3FD5E1152DCFA436006C5235 /* Resources */,
			);
			buildRules = (
			);
			dependencies = (
			);
			name = Ballify;
			packageProductDependencies = (
				228469582DD210DE008E99F5 /* Alamofire */,
				2284695B2DD21104008E99F5 /* Kingfisher */,
				22972AF12DD797EF00471CAC /* Reachability */,
			);
			productName = Ballify;
			productReference = 3FD5E1172DCFA436006C5235 /* Ballify.app */;
			productType = "com.apple.product-type.application";
		};
/* End PBXNativeTarget section */

/* Begin PBXProject section */
		3FD5E10F2DCFA436006C5235 /* Project object */ = {
			isa = PBXProject;
			attributes = {
				BuildIndependentTargetsInParallel = 1;
				LastSwiftUpdateCheck = 1420;
				LastUpgradeCheck = 1420;
				TargetAttributes = {
					221EBEC32DD94D0000A45C65 = {
						CreatedOnToolsVersion = 14.2;
						TestTargetID = 3FD5E1162DCFA436006C5235;
					};
					3FD5E1162DCFA436006C5235 = {
						CreatedOnToolsVersion = 14.2;
					};
				};
			};
			buildConfigurationList = 3FD5E1122DCFA436006C5235 /* Build configuration list for PBXProject "Ballify" */;
			compatibilityVersion = "Xcode 14.0";
			developmentRegion = en;
			hasScannedForEncodings = 0;
			knownRegions = (
				en,
				Base,
			);
			mainGroup = 3FD5E10E2DCFA436006C5235;
			packageReferences = (
				228469572DD210DE008E99F5 /* XCRemoteSwiftPackageReference "Alamofire" */,
				2284695A2DD21104008E99F5 /* XCRemoteSwiftPackageReference "Kingfisher" */,
				22972AF02DD797EF00471CAC /* XCRemoteSwiftPackageReference "Reachability" */,
			);
			productRefGroup = 3FD5E1182DCFA436006C5235 /* Products */;
			projectDirPath = "";
			projectRoot = "";
			targets = (
				3FD5E1162DCFA436006C5235 /* Ballify */,
				221EBEC32DD94D0000A45C65 /* BallifyTests */,
			);
		};
/* End PBXProject section */

/* Begin PBXResourcesBuildPhase section */
		221EBEC22DD94D0000A45C65 /* Resources */ = {
			isa = PBXResourcesBuildPhase;
			buildActionMask = 2147483647;
			files = (
			);
			runOnlyForDeploymentPostprocessing = 0;
		};
		3FD5E1152DCFA436006C5235 /* Resources */ = {
			isa = PBXResourcesBuildPhase;
			buildActionMask = 2147483647;
			files = (
				3FD5E12A2DCFA437006C5235 /* LaunchScreen.storyboard in Resources */,
				3FD5E1272DCFA437006C5235 /* Assets.xcassets in Resources */,
				3FD5E1222DCFA436006C5235 /* Main.storyboard in Resources */,
			);
			runOnlyForDeploymentPostprocessing = 0;
		};
/* End PBXResourcesBuildPhase section */

/* Begin PBXSourcesBuildPhase section */
		221EBEC02DD94D0000A45C65 /* Sources */ = {
			isa = PBXSourcesBuildPhase;
			buildActionMask = 2147483647;
			files = (
				221EBEC72DD94D0000A45C65 /* BallifyTests.swift in Sources */,
			);
			runOnlyForDeploymentPostprocessing = 0;
		};
		3FD5E1132DCFA436006C5235 /* Sources */ = {
			isa = PBXSourcesBuildPhase;
			buildActionMask = 2147483647;
			files = (
				223DD0CF2DD26747007F1C81 /* SportType.swift in Sources */,
				228469552DD20FF5008E99F5 /* NetworkService.swift in Sources */,
				224110D02DD0056700EE80E0 /* LeaguesTableViewController.swift in Sources */,
				228146DB2DD49930005AA88A /* TeamTableViewController.swift in Sources */,
				3F69E5032DD355A1000652F9 /* LeagueDetailsPresenter.swift in Sources */,
				3F2F07CB2DCFC85E006A328D /* CustomTableViewCell.swift in Sources */,
				3FF19BE32DD24C9B009998B0 /* Fixture.swift in Sources */,
				3FF19BE52DD24DFF009998B0 /* TeamResponse.swift in Sources */,
				3F2F07C92DCFC7E9006A328D /* FavoriteTableViewController.swift in Sources */,
				3FCF04B52DD613510079B486 /* LocalService.swift in Sources */,
				228469622DD233A0008E99F5 /* LeaguesTablePresenter.swift in Sources */,
				3FD5E11F2DCFA436006C5235 /* ViewController.swift in Sources */,
				3F0DD5572DCFCFB900743E9F /* FavoriteDetailsViewController.swift in Sources */,
				228469522DD20E1B008E99F5 /* LeaguesResult.swift in Sources */,
				22972AEF2DD77D2000471CAC /* FavoriteTablePresenter.swift in Sources */,
				3FD5E11B2DCFA436006C5235 /* AppDelegate.swift in Sources */,
				3FB076C22DD15AA40067B877 /* MatcheCollectionViewCell.swift in Sources */,
				3FD5E11D2DCFA436006C5235 /* SceneDelegate.swift in Sources */,
				3FF19BE92DD25B7B009998B0 /* SectionHeader.swift in Sources */,
				228146DD2DD49948005AA88A /* TeamTableViewCell.swift in Sources */,
				3F119C082DD20B90008546FF /* TeamCollectionViewCell.swift in Sources */,
				3FD5E1252DCFA436006C5235 /* Ballify.xcdatamodeld in Sources */,
				3F83D67D2DD147CA00AC0584 /* MatchesCollectionViewController.swift in Sources */,
			);
			runOnlyForDeploymentPostprocessing = 0;
		};
/* End PBXSourcesBuildPhase section */

/* Begin PBXTargetDependency section */
		221EBEC92DD94D0000A45C65 /* PBXTargetDependency */ = {
			isa = PBXTargetDependency;
			target = 3FD5E1162DCFA436006C5235 /* Ballify */;
			targetProxy = 221EBEC82DD94D0000A45C65 /* PBXContainerItemProxy */;
		};
/* End PBXTargetDependency section */

/* Begin PBXVariantGroup section */
		3FD5E1202DCFA436006C5235 /* Main.storyboard */ = {
			isa = PBXVariantGroup;
			children = (
				3FD5E1212DCFA436006C5235 /* Base */,
			);
			name = Main.storyboard;
			sourceTree = "<group>";
		};
		3FD5E1282DCFA437006C5235 /* LaunchScreen.storyboard */ = {
			isa = PBXVariantGroup;
			children = (
				3FD5E1292DCFA437006C5235 /* Base */,
			);
			name = LaunchScreen.storyboard;
			sourceTree = "<group>";
		};
/* End PBXVariantGroup section */

/* Begin XCBuildConfiguration section */
		221EBECA2DD94D0000A45C65 /* Debug */ = {
			isa = XCBuildConfiguration;
			buildSettings = {
				BUNDLE_LOADER = "$(TEST_HOST)";
				CODE_SIGN_STYLE = Automatic;
				CURRENT_PROJECT_VERSION = 1;
				GENERATE_INFOPLIST_FILE = YES;
				IPHONEOS_DEPLOYMENT_TARGET = 16.2;
				MACOSX_DEPLOYMENT_TARGET = 13.1;
				MARKETING_VERSION = 1.0;
				PRODUCT_BUNDLE_IDENTIFIER = ITI.BallifyTests;
				PRODUCT_NAME = "$(TARGET_NAME)";
				SDKROOT = auto;
				SUPPORTED_PLATFORMS = "iphoneos iphonesimulator macosx";
				SWIFT_EMIT_LOC_STRINGS = NO;
				SWIFT_VERSION = 5.0;
				TARGETED_DEVICE_FAMILY = "1,2";
				TEST_HOST = "$(BUILT_PRODUCTS_DIR)/Ballify.app/$(BUNDLE_EXECUTABLE_FOLDER_PATH)/Ballify";
			};
			name = Debug;
		};
		221EBECB2DD94D0000A45C65 /* Release */ = {
			isa = XCBuildConfiguration;
			buildSettings = {
				BUNDLE_LOADER = "$(TEST_HOST)";
				CODE_SIGN_STYLE = Automatic;
				CURRENT_PROJECT_VERSION = 1;
				GENERATE_INFOPLIST_FILE = YES;
				IPHONEOS_DEPLOYMENT_TARGET = 16.2;
				MACOSX_DEPLOYMENT_TARGET = 13.1;
				MARKETING_VERSION = 1.0;
				PRODUCT_BUNDLE_IDENTIFIER = ITI.BallifyTests;
				PRODUCT_NAME = "$(TARGET_NAME)";
				SDKROOT = auto;
				SUPPORTED_PLATFORMS = "iphoneos iphonesimulator macosx";
				SWIFT_EMIT_LOC_STRINGS = NO;
				SWIFT_VERSION = 5.0;
				TARGETED_DEVICE_FAMILY = "1,2";
				TEST_HOST = "$(BUILT_PRODUCTS_DIR)/Ballify.app/$(BUNDLE_EXECUTABLE_FOLDER_PATH)/Ballify";
			};
			name = Release;
		};
		3FD5E12C2DCFA437006C5235 /* Debug */ = {
			isa = XCBuildConfiguration;
			buildSettings = {
				ALWAYS_SEARCH_USER_PATHS = NO;
				CLANG_ANALYZER_NONNULL = YES;
				CLANG_ANALYZER_NUMBER_OBJECT_CONVERSION = YES_AGGRESSIVE;
				CLANG_CXX_LANGUAGE_STANDARD = "gnu++20";
				CLANG_ENABLE_MODULES = YES;
				CLANG_ENABLE_OBJC_ARC = YES;
				CLANG_ENABLE_OBJC_WEAK = YES;
				CLANG_WARN_BLOCK_CAPTURE_AUTORELEASING = YES;
				CLANG_WARN_BOOL_CONVERSION = YES;
				CLANG_WARN_COMMA = YES;
				CLANG_WARN_CONSTANT_CONVERSION = YES;
				CLANG_WARN_DEPRECATED_OBJC_IMPLEMENTATIONS = YES;
				CLANG_WARN_DIRECT_OBJC_ISA_USAGE = YES_ERROR;
				CLANG_WARN_DOCUMENTATION_COMMENTS = YES;
				CLANG_WARN_EMPTY_BODY = YES;
				CLANG_WARN_ENUM_CONVERSION = YES;
				CLANG_WARN_INFINITE_RECURSION = YES;
				CLANG_WARN_INT_CONVERSION = YES;
				CLANG_WARN_NON_LITERAL_NULL_CONVERSION = YES;
				CLANG_WARN_OBJC_IMPLICIT_RETAIN_SELF = YES;
				CLANG_WARN_OBJC_LITERAL_CONVERSION = YES;
				CLANG_WARN_OBJC_ROOT_CLASS = YES_ERROR;
				CLANG_WARN_QUOTED_INCLUDE_IN_FRAMEWORK_HEADER = YES;
				CLANG_WARN_RANGE_LOOP_ANALYSIS = YES;
				CLANG_WARN_STRICT_PROTOTYPES = YES;
				CLANG_WARN_SUSPICIOUS_MOVE = YES;
				CLANG_WARN_UNGUARDED_AVAILABILITY = YES_AGGRESSIVE;
				CLANG_WARN_UNREACHABLE_CODE = YES;
				CLANG_WARN__DUPLICATE_METHOD_MATCH = YES;
				COPY_PHASE_STRIP = NO;
				DEBUG_INFORMATION_FORMAT = dwarf;
				ENABLE_STRICT_OBJC_MSGSEND = YES;
				ENABLE_TESTABILITY = YES;
				GCC_C_LANGUAGE_STANDARD = gnu11;
				GCC_DYNAMIC_NO_PIC = NO;
				GCC_NO_COMMON_BLOCKS = YES;
				GCC_OPTIMIZATION_LEVEL = 0;
				GCC_PREPROCESSOR_DEFINITIONS = (
					"DEBUG=1",
					"$(inherited)",
				);
				GCC_WARN_64_TO_32_BIT_CONVERSION = YES;
				GCC_WARN_ABOUT_RETURN_TYPE = YES_ERROR;
				GCC_WARN_UNDECLARED_SELECTOR = YES;
				GCC_WARN_UNINITIALIZED_AUTOS = YES_AGGRESSIVE;
				GCC_WARN_UNUSED_FUNCTION = YES;
				GCC_WARN_UNUSED_VARIABLE = YES;
				IPHONEOS_DEPLOYMENT_TARGET = 16.2;
				MTL_ENABLE_DEBUG_INFO = INCLUDE_SOURCE;
				MTL_FAST_MATH = YES;
				ONLY_ACTIVE_ARCH = YES;
				SDKROOT = iphoneos;
				SWIFT_ACTIVE_COMPILATION_CONDITIONS = DEBUG;
				SWIFT_OPTIMIZATION_LEVEL = "-Onone";
			};
			name = Debug;
		};
		3FD5E12D2DCFA437006C5235 /* Release */ = {
			isa = XCBuildConfiguration;
			buildSettings = {
				ALWAYS_SEARCH_USER_PATHS = NO;
				CLANG_ANALYZER_NONNULL = YES;
				CLANG_ANALYZER_NUMBER_OBJECT_CONVERSION = YES_AGGRESSIVE;
				CLANG_CXX_LANGUAGE_STANDARD = "gnu++20";
				CLANG_ENABLE_MODULES = YES;
				CLANG_ENABLE_OBJC_ARC = YES;
				CLANG_ENABLE_OBJC_WEAK = YES;
				CLANG_WARN_BLOCK_CAPTURE_AUTORELEASING = YES;
				CLANG_WARN_BOOL_CONVERSION = YES;
				CLANG_WARN_COMMA = YES;
				CLANG_WARN_CONSTANT_CONVERSION = YES;
				CLANG_WARN_DEPRECATED_OBJC_IMPLEMENTATIONS = YES;
				CLANG_WARN_DIRECT_OBJC_ISA_USAGE = YES_ERROR;
				CLANG_WARN_DOCUMENTATION_COMMENTS = YES;
				CLANG_WARN_EMPTY_BODY = YES;
				CLANG_WARN_ENUM_CONVERSION = YES;
				CLANG_WARN_INFINITE_RECURSION = YES;
				CLANG_WARN_INT_CONVERSION = YES;
				CLANG_WARN_NON_LITERAL_NULL_CONVERSION = YES;
				CLANG_WARN_OBJC_IMPLICIT_RETAIN_SELF = YES;
				CLANG_WARN_OBJC_LITERAL_CONVERSION = YES;
				CLANG_WARN_OBJC_ROOT_CLASS = YES_ERROR;
				CLANG_WARN_QUOTED_INCLUDE_IN_FRAMEWORK_HEADER = YES;
				CLANG_WARN_RANGE_LOOP_ANALYSIS = YES;
				CLANG_WARN_STRICT_PROTOTYPES = YES;
				CLANG_WARN_SUSPICIOUS_MOVE = YES;
				CLANG_WARN_UNGUARDED_AVAILABILITY = YES_AGGRESSIVE;
				CLANG_WARN_UNREACHABLE_CODE = YES;
				CLANG_WARN__DUPLICATE_METHOD_MATCH = YES;
				COPY_PHASE_STRIP = NO;
				DEBUG_INFORMATION_FORMAT = "dwarf-with-dsym";
				ENABLE_NS_ASSERTIONS = NO;
				ENABLE_STRICT_OBJC_MSGSEND = YES;
				GCC_C_LANGUAGE_STANDARD = gnu11;
				GCC_NO_COMMON_BLOCKS = YES;
				GCC_WARN_64_TO_32_BIT_CONVERSION = YES;
				GCC_WARN_ABOUT_RETURN_TYPE = YES_ERROR;
				GCC_WARN_UNDECLARED_SELECTOR = YES;
				GCC_WARN_UNINITIALIZED_AUTOS = YES_AGGRESSIVE;
				GCC_WARN_UNUSED_FUNCTION = YES;
				GCC_WARN_UNUSED_VARIABLE = YES;
				IPHONEOS_DEPLOYMENT_TARGET = 16.2;
				MTL_ENABLE_DEBUG_INFO = NO;
				MTL_FAST_MATH = YES;
				SDKROOT = iphoneos;
				SWIFT_COMPILATION_MODE = wholemodule;
				SWIFT_OPTIMIZATION_LEVEL = "-O";
				VALIDATE_PRODUCT = YES;
			};
			name = Release;
		};
		3FD5E12F2DCFA437006C5235 /* Debug */ = {
			isa = XCBuildConfiguration;
			buildSettings = {
				ASSETCATALOG_COMPILER_APPICON_NAME = AppIcon;
				ASSETCATALOG_COMPILER_GLOBAL_ACCENT_COLOR_NAME = AccentColor;
				CODE_SIGN_STYLE = Automatic;
				CURRENT_PROJECT_VERSION = 1;
				GENERATE_INFOPLIST_FILE = YES;
				INFOPLIST_FILE = Ballify/Info.plist;
				INFOPLIST_KEY_UIApplicationSupportsIndirectInputEvents = YES;
				INFOPLIST_KEY_UILaunchStoryboardName = LaunchScreen;
				INFOPLIST_KEY_UIMainStoryboardFile = Main;
				INFOPLIST_KEY_UISupportedInterfaceOrientations_iPad = "UIInterfaceOrientationPortrait UIInterfaceOrientationPortraitUpsideDown UIInterfaceOrientationLandscapeLeft UIInterfaceOrientationLandscapeRight";
				INFOPLIST_KEY_UISupportedInterfaceOrientations_iPhone = "UIInterfaceOrientationPortrait UIInterfaceOrientationLandscapeLeft UIInterfaceOrientationLandscapeRight";
				LD_RUNPATH_SEARCH_PATHS = (
					"$(inherited)",
					"@executable_path/Frameworks",
				);
				MARKETING_VERSION = 1.0;
				PRODUCT_BUNDLE_IDENTIFIER = ITI.Ballify;
				PRODUCT_NAME = "$(TARGET_NAME)";
				SWIFT_EMIT_LOC_STRINGS = YES;
				SWIFT_VERSION = 5.0;
				TARGETED_DEVICE_FAMILY = "1,2";
			};
			name = Debug;
		};
		3FD5E1302DCFA437006C5235 /* Release */ = {
			isa = XCBuildConfiguration;
			buildSettings = {
				ASSETCATALOG_COMPILER_APPICON_NAME = AppIcon;
				ASSETCATALOG_COMPILER_GLOBAL_ACCENT_COLOR_NAME = AccentColor;
				CODE_SIGN_STYLE = Automatic;
				CURRENT_PROJECT_VERSION = 1;
				GENERATE_INFOPLIST_FILE = YES;
				INFOPLIST_FILE = Ballify/Info.plist;
				INFOPLIST_KEY_UIApplicationSupportsIndirectInputEvents = YES;
				INFOPLIST_KEY_UILaunchStoryboardName = LaunchScreen;
				INFOPLIST_KEY_UIMainStoryboardFile = Main;
				INFOPLIST_KEY_UISupportedInterfaceOrientations_iPad = "UIInterfaceOrientationPortrait UIInterfaceOrientationPortraitUpsideDown UIInterfaceOrientationLandscapeLeft UIInterfaceOrientationLandscapeRight";
				INFOPLIST_KEY_UISupportedInterfaceOrientations_iPhone = "UIInterfaceOrientationPortrait UIInterfaceOrientationLandscapeLeft UIInterfaceOrientationLandscapeRight";
				LD_RUNPATH_SEARCH_PATHS = (
					"$(inherited)",
					"@executable_path/Frameworks",
				);
				MARKETING_VERSION = 1.0;
				PRODUCT_BUNDLE_IDENTIFIER = ITI.Ballify;
				PRODUCT_NAME = "$(TARGET_NAME)";
				SWIFT_EMIT_LOC_STRINGS = YES;
				SWIFT_VERSION = 5.0;
				TARGETED_DEVICE_FAMILY = "1,2";
			};
			name = Release;
		};
/* End XCBuildConfiguration section */

/* Begin XCConfigurationList section */
		221EBECC2DD94D0000A45C65 /* Build configuration list for PBXNativeTarget "BallifyTests" */ = {
			isa = XCConfigurationList;
			buildConfigurations = (
				221EBECA2DD94D0000A45C65 /* Debug */,
				221EBECB2DD94D0000A45C65 /* Release */,
			);
			defaultConfigurationIsVisible = 0;
			defaultConfigurationName = Release;
		};
		3FD5E1122DCFA436006C5235 /* Build configuration list for PBXProject "Ballify" */ = {
			isa = XCConfigurationList;
			buildConfigurations = (
				3FD5E12C2DCFA437006C5235 /* Debug */,
				3FD5E12D2DCFA437006C5235 /* Release */,
			);
			defaultConfigurationIsVisible = 0;
			defaultConfigurationName = Release;
		};
		3FD5E12E2DCFA437006C5235 /* Build configuration list for PBXNativeTarget "Ballify" */ = {
			isa = XCConfigurationList;
			buildConfigurations = (
				3FD5E12F2DCFA437006C5235 /* Debug */,
				3FD5E1302DCFA437006C5235 /* Release */,
			);
			defaultConfigurationIsVisible = 0;
			defaultConfigurationName = Release;
		};
/* End XCConfigurationList section */

/* Begin XCRemoteSwiftPackageReference section */
		228469572DD210DE008E99F5 /* XCRemoteSwiftPackageReference "Alamofire" */ = {
			isa = XCRemoteSwiftPackageReference;
			repositoryURL = "https://github.com/Alamofire/Alamofire.git";
			requirement = {
				kind = upToNextMajorVersion;
				minimumVersion = 5.0.0;
			};
		};
		2284695A2DD21104008E99F5 /* XCRemoteSwiftPackageReference "Kingfisher" */ = {
			isa = XCRemoteSwiftPackageReference;
			repositoryURL = "https://github.com/onevcat/Kingfisher";
			requirement = {
				kind = upToNextMajorVersion;
				minimumVersion = 6.0.0;
			};
		};
		22972AF02DD797EF00471CAC /* XCRemoteSwiftPackageReference "Reachability" */ = {
			isa = XCRemoteSwiftPackageReference;
			repositoryURL = "https://github.com/ashleymills/Reachability.swift";
			requirement = {
				kind = upToNextMajorVersion;
				minimumVersion = 5.1.0;
			};
		};
/* End XCRemoteSwiftPackageReference section */

/* Begin XCSwiftPackageProductDependency section */
		228469582DD210DE008E99F5 /* Alamofire */ = {
			isa = XCSwiftPackageProductDependency;
			package = 228469572DD210DE008E99F5 /* XCRemoteSwiftPackageReference "Alamofire" */;
			productName = Alamofire;
		};
		2284695B2DD21104008E99F5 /* Kingfisher */ = {
			isa = XCSwiftPackageProductDependency;
			package = 2284695A2DD21104008E99F5 /* XCRemoteSwiftPackageReference "Kingfisher" */;
			productName = Kingfisher;
		};
		22972AF12DD797EF00471CAC /* Reachability */ = {
			isa = XCSwiftPackageProductDependency;
			package = 22972AF02DD797EF00471CAC /* XCRemoteSwiftPackageReference "Reachability" */;
			productName = Reachability;
		};
/* End XCSwiftPackageProductDependency section */

/* Begin XCVersionGroup section */
		3FD5E1232DCFA436006C5235 /* Ballify.xcdatamodeld */ = {
			isa = XCVersionGroup;
			children = (
				3FD5E1242DCFA436006C5235 /* Ballify.xcdatamodel */,
			);
			currentVersion = 3FD5E1242DCFA436006C5235 /* Ballify.xcdatamodel */;
			path = Ballify.xcdatamodeld;
			sourceTree = "<group>";
			versionGroupType = wrapper.xcdatamodel;
		};
/* End XCVersionGroup section */
	};
	rootObject = 3FD5E10F2DCFA436006C5235 /* Project object */;
}
